
Microsoft Visual Studio Solution File, Format Version 12.00
# Visual Studio Version 16
VisualStudioVersion = 16.0.31624.102
MinimumVisualStudioVersion = 10.0.40219.1
Project("{13B669BE-BB05-4DDF-9536-439F39A36129}") = "cig_test", "cig_test.phpproj", "{DECB9E05-786C-4DC4-8EE5-32D18D6A2DB0}"
EndProject
Global
	GlobalSection(SolutionConfigurationPlatforms) = preSolution
		Debug|Any CPU = Debug|Any CPU
		Release|Any CPU = Release|Any CPU
	EndGlobalSection
	GlobalSection(ProjectConfigurationPlatforms) = postSolution
		{DECB9E05-786C-4DC4-8EE5-32D18D6A2DB0}.Debug|Any CPU.ActiveCfg = Debug|Any CPU
		{DECB9E05-786C-4DC4-8EE5-32D18D6A2DB0}.Debug|Any CPU.Build.0 = Debug|Any CPU
		{DECB9E05-786C-4DC4-8EE5-32D18D6A2DB0}.Release|Any CPU.ActiveCfg = Release|Any CPU
		{DECB9E05-786C-4DC4-8EE5-32D18D6A2DB0}.Release|Any CPU.Build.0 = Release|Any CPU
	EndGlobalSection
	GlobalSection(SolutionProperties) = preSolution
		HideSolutionNode = FALSE
	EndGlobalSection
	GlobalSection(ExtensibilityGlobals) = postSolution
		SolutionGuid = {CC0C64EB-A132-42C2-A9BE-77AD14254AA7}
	EndGlobalSection
EndGlobal
